{
    "_readme": [
        "This file locks the dependencies of your project to a known state",
        "Read more about it at https://getcomposer.org/doc/01-basic-usage.md#installing-dependencies",
        "This file is @generated automatically"
    ],
    "content-hash": "f33c71a18ea3604d63c1f47b1655f564",
    "packages": [
        {
            "name": "adbario/php-dot-notation",
            "version": "2.2.0",
            "source": {
                "type": "git",
                "url": "https://github.com/adbario/php-dot-notation.git",
                "reference": "eee4fc81296531e6aafba4c2bbccfc5adab1676e"
            },
            "dist": {
                "type": "zip",
                "url": "https://api.github.com/repos/adbario/php-dot-notation/zipball/eee4fc81296531e6aafba4c2bbccfc5adab1676e",
                "reference": "eee4fc81296531e6aafba4c2bbccfc5adab1676e",
                "shasum": "",
                "mirrors": [
                    {
                        "url": "https://mirrors.aliyun.com/composer/dists/%package%/%reference%.%type%",
                        "preferred": true
                    }
                ]
            },
            "require": {
                "ext-json": "*",
                "php": ">=5.5"
            },
            "require-dev": {
                "phpunit/phpunit": "^4.0|^5.0|^6.0",
                "squizlabs/php_codesniffer": "^3.0"
            },
            "type": "library",
            "autoload": {
                "files": [
                    "src/helpers.php"
                ],
                "psr-4": {
                    "Adbar\\": "src"
                }
            },
            "notification-url": "https://packagist.org/downloads/",
            "license": [
                "MIT"
            ],
            "authors": [
                {
                    "name": "Riku Särkinen",
                    "email": "riku@adbar.io"
                }
            ],
            "description": "PHP dot notation access to arrays",
            "homepage": "https://github.com/adbario/php-dot-notation",
            "keywords": [
                "ArrayAccess",
                "dotnotation"
            ],
            "time": "2019-01-01T23:59:15+00:00"
        },
        {
            "name": "alibabacloud/credentials",
            "version": "1.1.4",
            "source": {
                "type": "git",
                "url": "https://github.com/aliyun/credentials-php.git",
                "reference": "e79d4151ad8924c0cf79d4fe0ec151b8d7663a25"
            },
            "dist": {
                "type": "zip",
                "url": "https://api.github.com/repos/aliyun/credentials-php/zipball/e79d4151ad8924c0cf79d4fe0ec151b8d7663a25",
                "reference": "e79d4151ad8924c0cf79d4fe0ec151b8d7663a25",
                "shasum": "",
                "mirrors": [
                    {
                        "url": "https://mirrors.aliyun.com/composer/dists/%package%/%reference%.%type%",
                        "preferred": true
                    }
                ]
            },
            "require": {
                "adbario/php-dot-notation": "^2.2",
                "alibabacloud/tea": "^3.0",
                "ext-curl": "*",
                "ext-json": "*",
                "ext-libxml": "*",
                "ext-mbstring": "*",
                "ext-openssl": "*",
                "ext-simplexml": "*",
                "ext-xmlwriter": "*",
                "guzzlehttp/guzzle": "^6.3|^7.0",
                "php": ">=5.6"
            },
            "require-dev": {
                "composer/composer": "^1.8",
                "drupal/coder": "^8.3",
                "ext-dom": "*",
                "ext-pcre": "*",
                "ext-sockets": "*",
                "ext-spl": "*",
                "mikey179/vfsstream": "^1.6",
                "monolog/monolog": "^1.24",
                "phpunit/phpunit": "^4.8.35|^5.4.3",
                "psr/cache": "^1.0",
                "symfony/dotenv": "^3.4",
                "symfony/var-dumper": "^3.4"
            },
            "suggest": {
                "ext-sockets": "To use client-side monitoring"
            },
            "type": "library",
            "autoload": {
                "psr-4": {
                    "AlibabaCloud\\Credentials\\": "src"
                }
            },
            "notification-url": "https://packagist.org/downloads/",
            "license": [
                "Apache-2.0"
            ],
            "authors": [
                {
                    "name": "Alibaba Cloud SDK",
                    "email": "sdk-team@alibabacloud.com",
                    "homepage": "http://www.alibabacloud.com"
                }
            ],
            "description": "Alibaba Cloud Credentials for PHP",
            "homepage": "https://www.alibabacloud.com/",
            "keywords": [
                "alibaba",
                "alibabacloud",
                "aliyun",
                "client",
                "cloud",
                "credentials",
                "library",
                "sdk",
                "tool"
            ],
            "time": "2021-06-08T10:49:34+00:00"
        },
        {
            "name": "alibabacloud/darabonba-openapi",
            "version": "0.2.5",
            "source": {
                "type": "git",
                "url": "https://github.com/alibabacloud-sdk-php/darabonba-openapi.git",
                "reference": "e57268b72616ed146eea1b5749d96b33e1f75ec3"
            },
            "dist": {
                "type": "zip",
                "url": "https://api.github.com/repos/alibabacloud-sdk-php/darabonba-openapi/zipball/e57268b72616ed146eea1b5749d96b33e1f75ec3",
                "reference": "e57268b72616ed146eea1b5749d96b33e1f75ec3",
                "shasum": "",
                "mirrors": [
                    {
                        "url": "https://mirrors.aliyun.com/composer/dists/%package%/%reference%.%type%",
                        "preferred": true
                    }
                ]
            },
            "require": {
                "alibabacloud/credentials": "^1.1",
                "alibabacloud/gateway-spi": "^0.0.1",
                "alibabacloud/openapi-util": "^0.1.10",
                "alibabacloud/tea-utils": "^0.2.0",
                "php": ">5.5"
            },
            "type": "library",
            "autoload": {
                "psr-4": {
                    "Darabonba\\OpenApi\\": "src"
                }
            },
            "notification-url": "https://packagist.org/downloads/",
            "license": [
                "Apache-2.0"
            ],
            "authors": [
                {
                    "name": "Alibaba Cloud SDK",
                    "email": "sdk-team@alibabacloud.com"
                }
            ],
            "description": "Alibaba Cloud OpenApi Client",
            "support": {
                "issues": "https://github.com/alibabacloud-sdk-php/darabonba-openapi/issues",
                "source": "https://github.com/alibabacloud-sdk-php/darabonba-openapi/tree/0.2.5"
            },
            "time": "2021-12-22T07:45:24+00:00"
        },
        {
            "name": "alibabacloud/endpoint-util",
            "version": "0.1.1",
            "source": {
                "type": "git",
                "url": "https://github.com/alibabacloud-sdk-php/endpoint-util.git",
                "reference": "f3fe88a25d8df4faa3b0ae14ff202a9cc094e6c5"
            },
            "dist": {
                "type": "zip",
                "url": "https://api.github.com/repos/alibabacloud-sdk-php/endpoint-util/zipball/f3fe88a25d8df4faa3b0ae14ff202a9cc094e6c5",
                "reference": "f3fe88a25d8df4faa3b0ae14ff202a9cc094e6c5",
                "shasum": "",
                "mirrors": [
                    {
                        "url": "https://mirrors.aliyun.com/composer/dists/%package%/%reference%.%type%",
                        "preferred": true
                    }
                ]
            },
            "require": {
                "php": ">5.5"
            },
            "require-dev": {
                "phpunit/phpunit": "^4.8.35|^5.4.3"
            },
            "type": "library",
            "autoload": {
                "psr-4": {
                    "AlibabaCloud\\Endpoint\\": "src"
                }
            },
            "notification-url": "https://packagist.org/downloads/",
            "license": [
                "Apache-2.0"
            ],
            "authors": [
                {
                    "name": "Alibaba Cloud SDK",
                    "email": "sdk-team@alibabacloud.com"
                }
            ],
            "description": "Alibaba Cloud Endpoint Library for PHP",
            "time": "2020-06-04T10:57:15+00:00"
        },
        {
            "name": "alibabacloud/gateway-spi",
            "version": "0.0.1",
            "source": {
                "type": "git",
                "url": "https://github.com/alibabacloud-sdk-php/alibabacloud-gateway-spi.git",
                "reference": "36ba38571acbf821cfd84555cdb1327cdbf86935"
            },
            "dist": {
                "type": "zip",
                "url": "https://api.github.com/repos/alibabacloud-sdk-php/alibabacloud-gateway-spi/zipball/36ba38571acbf821cfd84555cdb1327cdbf86935",
                "reference": "36ba38571acbf821cfd84555cdb1327cdbf86935",
                "shasum": "",
                "mirrors": [
                    {
                        "url": "https://mirrors.aliyun.com/composer/dists/%package%/%reference%.%type%",
                        "preferred": true
                    }
                ]
            },
            "require": {
                "alibabacloud/credentials": "^1.1",
                "php": ">5.5"
            },
            "type": "library",
            "autoload": {
                "psr-4": {
                    "Darabonba\\GatewaySpi\\": "src"
                }
            },
            "notification-url": "https://packagist.org/downloads/",
            "license": [
                "Apache-2.0"
            ],
            "authors": [
                {
                    "name": "Alibaba Cloud SDK",
                    "email": "sdk-team@alibabacloud.com"
                }
            ],
            "description": "Alibaba Cloud Gateway SPI Client",
            "time": "2021-12-07T04:41:11+00:00"
        },
        {
            "name": "alibabacloud/ice-20201109",
            "version": "1.1.6",
            "source": {
                "type": "git",
                "url": "https://github.com/alibabacloud-sdk-php/ice-20201109.git",
                "reference": "7135fcf0ef1644fafa19c29a489125b457897960"
            },
            "dist": {
                "type": "zip",
                "url": "https://api.github.com/repos/alibabacloud-sdk-php/ice-20201109/zipball/7135fcf0ef1644fafa19c29a489125b457897960",
                "reference": "7135fcf0ef1644fafa19c29a489125b457897960",
                "shasum": "",
                "mirrors": [
                    {
                        "url": "https://mirrors.aliyun.com/composer/dists/%package%/%reference%.%type%",
                        "preferred": true
                    }
                ]
            },
            "require": {
                "alibabacloud/darabonba-openapi": "^0.2.5",
                "alibabacloud/endpoint-util": "^0.1.0",
                "alibabacloud/openapi-util": "^0.1.10",
                "alibabacloud/tea-utils": "^0.2.0",
                "php": ">5.5"
            },
            "type": "library",
            "autoload": {
                "psr-4": {
                    "AlibabaCloud\\SDK\\ICE\\V20201109\\": "src"
                }
            },
            "notification-url": "https://packagist.org/downloads/",
            "license": [
                "Apache-2.0"
            ],
            "authors": [
                {
                    "name": "Alibaba Cloud SDK",
                    "email": "sdk-team@alibabacloud.com"
                }
            ],
            "description": "Alibaba Cloud ICE (20201109) SDK Library for PHP",
            "time": "2021-12-23T08:02:46+00:00"
        },
        {
            "name": "alibabacloud/openapi-util",
            "version": "0.1.11",
            "source": {
                "type": "git",
                "url": "https://github.com/alibabacloud-sdk-php/openapi-util.git",
                "reference": "61ee137955a25c9f5f33170babb6071d4bccf12c"
            },
            "dist": {
                "type": "zip",
                "url": "https://api.github.com/repos/alibabacloud-sdk-php/openapi-util/zipball/61ee137955a25c9f5f33170babb6071d4bccf12c",
                "reference": "61ee137955a25c9f5f33170babb6071d4bccf12c",
                "shasum": "",
                "mirrors": [
                    {
                        "url": "https://mirrors.aliyun.com/composer/dists/%package%/%reference%.%type%",
                        "preferred": true
                    }
                ]
            },
            "require": {
                "alibabacloud/tea": "^3.1",
                "alibabacloud/tea-utils": "^0.2",
                "lizhichao/one-sm": "^1.5",
                "php": ">5.5"
            },
            "require-dev": {
                "phpunit/phpunit": "^4.8.35|^5.4.3"
            },
            "type": "library",
            "autoload": {
                "psr-4": {
                    "AlibabaCloud\\OpenApiUtil\\": "src"
                }
            },
            "notification-url": "https://packagist.org/downloads/",
            "license": [
                "Apache-2.0"
            ],
            "authors": [
                {
                    "name": "Alibaba Cloud SDK",
                    "email": "sdk-team@alibabacloud.com"
                }
            ],
            "description": "Alibaba Cloud OpenApi Util",
            "time": "2021-12-28T07:57:21+00:00"
        },
        {
            "name": "alibabacloud/tea",
            "version": "3.1.23",
            "source": {
                "type": "git",
                "url": "https://github.com/aliyun/tea-php.git",
                "reference": "61fce993274edf6e7131af07256ed7723d97a85f"
            },
            "dist": {
                "type": "zip",
                "url": "https://api.github.com/repos/aliyun/tea-php/zipball/61fce993274edf6e7131af07256ed7723d97a85f",
                "reference": "61fce993274edf6e7131af07256ed7723d97a85f",
                "shasum": "",
                "mirrors": [
                    {
                        "url": "https://mirrors.aliyun.com/composer/dists/%package%/%reference%.%type%",
                        "preferred": true
                    }
                ]
            },
            "require": {
                "adbario/php-dot-notation": "^2.2",
                "ext-curl": "*",
                "ext-json": "*",
                "ext-libxml": "*",
                "ext-mbstring": "*",
                "ext-openssl": "*",
                "ext-simplexml": "*",
                "ext-xmlwriter": "*",
                "guzzlehttp/guzzle": "^6.3|^7.0",
                "php": ">=5.5"
            },
            "require-dev": {
                "phpunit/phpunit": "*",
                "symfony/dotenv": "^3.4",
                "symfony/var-dumper": "^3.4"
            },
            "suggest": {
                "ext-sockets": "To use client-side monitoring"
            },
            "type": "library",
            "autoload": {
                "psr-4": {
                    "AlibabaCloud\\Tea\\": "src"
                }
            },
            "notification-url": "https://packagist.org/downloads/",
            "license": [
                "Apache-2.0"
            ],
            "authors": [
                {
                    "name": "Alibaba Cloud SDK",
                    "email": "sdk-team@alibabacloud.com",
                    "homepage": "http://www.alibabacloud.com"
                }
            ],
            "description": "Client of Tea for PHP",
            "homepage": "https://www.alibabacloud.com/",
            "keywords": [
                "alibabacloud",
                "client",
                "cloud",
                "tea"
            ],
            "time": "2021-12-20T02:32:43+00:00"
        },
        {
            "name": "alibabacloud/tea-utils",
            "version": "0.2.14",
            "source": {
                "type": "git",
                "url": "https://github.com/alibabacloud-sdk-php/tea-utils.git",
                "reference": "381df15cb4bdb58dbf596f94869ffd2ef680eddd"
            },
            "dist": {
                "type": "zip",
                "url": "https://api.github.com/repos/alibabacloud-sdk-php/tea-utils/zipball/381df15cb4bdb58dbf596f94869ffd2ef680eddd",
                "reference": "381df15cb4bdb58dbf596f94869ffd2ef680eddd",
                "shasum": "",
                "mirrors": [
                    {
                        "url": "https://mirrors.aliyun.com/composer/dists/%package%/%reference%.%type%",
                        "preferred": true
                    }
                ]
            },
            "require": {
                "alibabacloud/tea": "^3.1",
                "php": ">5.5"
            },
            "type": "library",
            "autoload": {
                "psr-4": {
                    "AlibabaCloud\\Tea\\Utils\\": "src"
                }
            },
            "notification-url": "https://packagist.org/downloads/",
            "license": [
                "Apache-2.0"
            ],
            "authors": [
                {
                    "name": "Alibaba Cloud SDK",
                    "email": "sdk-team@alibabacloud.com"
                }
            ],
            "description": "Alibaba Cloud Tea Utils for PHP",
            "time": "2021-02-02T10:10:58+00:00"
        },
        {
            "name": "guzzlehttp/guzzle",
            "version": "7.4.1",
            "source": {
                "type": "git",
                "url": "https://github.com/guzzle/guzzle.git",
                "reference": "ee0a041b1760e6a53d2a39c8c34115adc2af2c79"
            },
            "dist": {
                "type": "zip",
                "url": "https://api.github.com/repos/guzzle/guzzle/zipball/ee0a041b1760e6a53d2a39c8c34115adc2af2c79",
                "reference": "ee0a041b1760e6a53d2a39c8c34115adc2af2c79",
                "shasum": "",
                "mirrors": [
                    {
                        "url": "https://mirrors.aliyun.com/composer/dists/%package%/%reference%.%type%",
                        "preferred": true
                    }
                ]
            },
            "require": {
                "ext-json": "*",
                "guzzlehttp/promises": "^1.5",
                "guzzlehttp/psr7": "^1.8.3 || ^2.1",
                "php": "^7.2.5 || ^8.0",
                "psr/http-client": "^1.0",
                "symfony/deprecation-contracts": "^2.2 || ^3.0"
            },
            "provide": {
                "psr/http-client-implementation": "1.0"
            },
            "require-dev": {
                "bamarni/composer-bin-plugin": "^1.4.1",
                "ext-curl": "*",
                "php-http/client-integration-tests": "^3.0",
                "phpunit/phpunit": "^8.5.5 || ^9.3.5",
                "psr/log": "^1.1 || ^2.0 || ^3.0"
            },
            "suggest": {
                "ext-curl": "Required for CURL handler support",
                "ext-intl": "Required for Internationalized Domain Name (IDN) support",
                "psr/log": "Required for using the Log middleware"
            },
            "type": "library",
            "extra": {
                "branch-alias": {
                    "dev-master": "7.4-dev"
                }
            },
            "autoload": {
                "files": [
                    "src/functions_include.php"
                ],
                "psr-4": {
                    "GuzzleHttp\\": "src/"
                }
            },
            "notification-url": "https://packagist.org/downloads/",
            "license": [
                "MIT"
            ],
            "authors": [
                {
                    "name": "Graham Campbell",
                    "email": "hello@gjcampbell.co.uk",
                    "homepage": "https://github.com/GrahamCampbell"
                },
                {
                    "name": "Michael Dowling",
                    "email": "mtdowling@gmail.com",
                    "homepage": "https://github.com/mtdowling"
                },
                {
                    "name": "Jeremy Lindblom",
                    "email": "jeremeamia@gmail.com",
                    "homepage": "https://github.com/jeremeamia"
                },
                {
                    "name": "George Mponos",
                    "email": "gmponos@gmail.com",
                    "homepage": "https://github.com/gmponos"
                },
                {
                    "name": "Tobias Nyholm",
                    "email": "tobias.nyholm@gmail.com",
                    "homepage": "https://github.com/Nyholm"
                },
                {
                    "name": "Márk Sági-Kazár",
                    "email": "mark.sagikazar@gmail.com",
                    "homepage": "https://github.com/sagikazarmark"
                },
                {
                    "name": "Tobias Schultze",
                    "email": "webmaster@tubo-world.de",
                    "homepage": "https://github.com/Tobion"
                }
            ],
            "description": "Guzzle is a PHP HTTP client library",
            "keywords": [
                "client",
                "curl",
                "framework",
                "http",
                "http client",
                "psr-18",
                "psr-7",
                "rest",
                "web service"
            ],
            "time": "2021-12-06T18:43:05+00:00"
        },
        {
            "name": "guzzlehttp/promises",
            "version": "1.5.1",
            "source": {
                "type": "git",
                "url": "https://github.com/guzzle/promises.git",
                "reference": "fe752aedc9fd8fcca3fe7ad05d419d32998a06da"
            },
            "dist": {
                "type": "zip",
                "url": "https://api.github.com/repos/guzzle/promises/zipball/fe752aedc9fd8fcca3fe7ad05d419d32998a06da",
                "reference": "fe752aedc9fd8fcca3fe7ad05d419d32998a06da",
                "shasum": "",
                "mirrors": [
                    {
                        "url": "https://mirrors.aliyun.com/composer/dists/%package%/%reference%.%type%",
                        "preferred": true
                    }
                ]
            },
            "require": {
                "php": ">=5.5"
            },
            "require-dev": {
                "symfony/phpunit-bridge": "^4.4 || ^5.1"
            },
            "type": "library",
            "extra": {
                "branch-alias": {
                    "dev-master": "1.5-dev"
                }
            },
            "autoload": {
                "files": [
                    "src/functions_include.php"
                ],
                "psr-4": {
                    "GuzzleHttp\\Promise\\": "src/"
                }
            },
            "notification-url": "https://packagist.org/downloads/",
            "license": [
                "MIT"
            ],
            "authors": [
                {
                    "name": "Graham Campbell",
                    "email": "hello@gjcampbell.co.uk",
                    "homepage": "https://github.com/GrahamCampbell"
                },
                {
                    "name": "Michael Dowling",
                    "email": "mtdowling@gmail.com",
                    "homepage": "https://github.com/mtdowling"
                },
                {
                    "name": "Tobias Nyholm",
                    "email": "tobias.nyholm@gmail.com",
                    "homepage": "https://github.com/Nyholm"
                },
                {
                    "name": "Tobias Schultze",
                    "email": "webmaster@tubo-world.de",
                    "homepage": "https://github.com/Tobion"
                }
            ],
            "description": "Guzzle promises library",
            "keywords": [
                "promise"
            ],
            "time": "2021-10-22T20:56:57+00:00"
        },
        {
            "name": "guzzlehttp/psr7",
            "version": "2.1.0",
            "source": {
                "type": "git",
                "url": "https://github.com/guzzle/psr7.git",
                "reference": "089edd38f5b8abba6cb01567c2a8aaa47cec4c72"
            },
            "dist": {
                "type": "zip",
                "url": "https://api.github.com/repos/guzzle/psr7/zipball/089edd38f5b8abba6cb01567c2a8aaa47cec4c72",
                "reference": "089edd38f5b8abba6cb01567c2a8aaa47cec4c72",
                "shasum": "",
                "mirrors": [
                    {
                        "url": "https://mirrors.aliyun.com/composer/dists/%package%/%reference%.%type%",
                        "preferred": true
                    }
                ]
            },
            "require": {
                "php": "^7.2.5 || ^8.0",
                "psr/http-factory": "^1.0",
                "psr/http-message": "^1.0",
                "ralouphie/getallheaders": "^3.0"
            },
            "provide": {
                "psr/http-factory-implementation": "1.0",
                "psr/http-message-implementation": "1.0"
            },
            "require-dev": {
                "bamarni/composer-bin-plugin": "^1.4.1",
                "http-interop/http-factory-tests": "^0.9",
                "phpunit/phpunit": "^8.5.8 || ^9.3.10"
            },
            "suggest": {
                "laminas/laminas-httphandlerrunner": "Emit PSR-7 responses"
            },
            "type": "library",
            "extra": {
                "branch-alias": {
                    "dev-master": "2.1-dev"
                }
            },
            "autoload": {
                "psr-4": {
                    "GuzzleHttp\\Psr7\\": "src/"
                }
            },
            "notification-url": "https://packagist.org/downloads/",
            "license": [
                "MIT"
            ],
            "authors": [
                {
                    "name": "Graham Campbell",
                    "email": "hello@gjcampbell.co.uk",
                    "homepage": "https://github.com/GrahamCampbell"
                },
                {
                    "name": "Michael Dowling",
                    "email": "mtdowling@gmail.com",
                    "homepage": "https://github.com/mtdowling"
                },
                {
                    "name": "George Mponos",
                    "email": "gmponos@gmail.com",
                    "homepage": "https://github.com/gmponos"
                },
                {
                    "name": "Tobias Nyholm",
                    "email": "tobias.nyholm@gmail.com",
                    "homepage": "https://github.com/Nyholm"
                },
                {
                    "name": "Márk Sági-Kazár",
                    "email": "mark.sagikazar@gmail.com",
                    "homepage": "https://github.com/sagikazarmark"
                },
                {
                    "name": "Tobias Schultze",
                    "email": "webmaster@tubo-world.de",
                    "homepage": "https://github.com/Tobion"
                },
                {
                    "name": "Márk Sági-Kazár",
                    "email": "mark.sagikazar@gmail.com",
                    "homepage": "https://sagikazarmark.hu"
                }
            ],
            "description": "PSR-7 message implementation that also provides common utility methods",
            "keywords": [
                "http",
                "message",
                "psr-7",
                "request",
                "response",
                "stream",
                "uri",
                "url"
            ],
            "time": "2021-10-06T17:43:30+00:00"
        },
        {
            "name": "lizhichao/one-sm",
            "version": "1.10",
            "source": {
                "type": "git",
                "url": "https://github.com/lizhichao/sm.git",
                "reference": "687a012a44a5bfd4d9143a0234e1060543be455a"
            },
            "dist": {
                "type": "zip",
                "url": "https://api.github.com/repos/lizhichao/sm/zipball/687a012a44a5bfd4d9143a0234e1060543be455a",
                "reference": "687a012a44a5bfd4d9143a0234e1060543be455a",
                "shasum": "",
                "mirrors": [
                    {
                        "url": "https://mirrors.aliyun.com/composer/dists/%package%/%reference%.%type%",
                        "preferred": true
                    }
                ]
            },
            "require": {
                "php": ">=5.6"
            },
            "type": "library",
            "autoload": {
                "psr-4": {
                    "OneSm\\": "src/"
                }
            },
            "notification-url": "https://packagist.org/downloads/",
            "license": [
                "Apache-2.0"
            ],
            "authors": [
                {
                    "name": "tanszhe",
                    "email": "1018595261@qq.com"
                }
            ],
            "description": "国密sm3",
            "keywords": [
                "php",
                "sm3"
            ],
            "time": "2021-05-26T06:19:22+00:00"
        },
        {
            "name": "phpoffice/phpexcel",
            "version": "1.8.2",
            "source": {
                "type": "git",
                "url": "https://github.com/PHPOffice/PHPExcel.git",
                "reference": "1441011fb7ecdd8cc689878f54f8b58a6805f870"
            },
            "dist": {
                "type": "zip",
                "url": "https://api.github.com/repos/PHPOffice/PHPExcel/zipball/1441011fb7ecdd8cc689878f54f8b58a6805f870",
                "reference": "1441011fb7ecdd8cc689878f54f8b58a6805f870",
                "shasum": "",
                "mirrors": [
                    {
                        "url": "https://mirrors.aliyun.com/composer/dists/%package%/%reference%.%type%",
                        "preferred": true
                    }
                ]
            },
            "require": {
                "ext-mbstring": "*",
                "ext-xml": "*",
                "ext-xmlwriter": "*",
                "php": "^5.2|^7.0"
            },
            "require-dev": {
                "squizlabs/php_codesniffer": "2.*"
            },
            "type": "library",
            "autoload": {
                "psr-0": {
                    "PHPExcel": "Classes/"
                }
            },
            "notification-url": "https://packagist.org/downloads/",
            "license": [
                "LGPL-2.1"
            ],
            "authors": [
                {
                    "name": "Maarten Balliauw",
                    "homepage": "http://blog.maartenballiauw.be"
                },
                {
                    "name": "Erik Tilt"
                },
                {
                    "name": "Franck Lefevre",
                    "homepage": "http://rootslabs.net"
                },
                {
                    "name": "Mark Baker",
                    "homepage": "http://markbakeruk.net"
                }
            ],
            "description": "PHPExcel - OpenXML - Read, Create and Write Spreadsheet documents in PHP - Spreadsheet engine",
            "homepage": "https://github.com/PHPOffice/PHPExcel",
            "keywords": [
                "OpenXML",
                "excel",
                "php",
                "spreadsheet",
                "xls",
                "xlsx"
            ],
            "support": {
                "issues": "https://github.com/PHPOffice/PHPExcel/issues",
                "source": "https://github.com/PHPOffice/PHPExcel/tree/master"
            },
            "abandoned": "phpoffice/phpspreadsheet",
            "time": "2018-11-22T23:07:24+00:00"
        },
        {
            "name": "psr/http-client",
            "version": "1.0.1",
            "source": {
                "type": "git",
                "url": "https://github.com/php-fig/http-client.git",
                "reference": "2dfb5f6c5eff0e91e20e913f8c5452ed95b86621"
            },
            "dist": {
                "type": "zip",
                "url": "https://api.github.com/repos/php-fig/http-client/zipball/2dfb5f6c5eff0e91e20e913f8c5452ed95b86621",
                "reference": "2dfb5f6c5eff0e91e20e913f8c5452ed95b86621",
                "shasum": "",
                "mirrors": [
                    {
                        "url": "https://mirrors.aliyun.com/composer/dists/%package%/%reference%.%type%",
                        "preferred": true
                    }
                ]
            },
            "require": {
                "php": "^7.0 || ^8.0",
                "psr/http-message": "^1.0"
            },
            "type": "library",
            "extra": {
                "branch-alias": {
                    "dev-master": "1.0.x-dev"
                }
            },
            "autoload": {
                "psr-4": {
                    "Psr\\Http\\Client\\": "src/"
                }
            },
            "notification-url": "https://packagist.org/downloads/",
            "license": [
                "MIT"
            ],
            "authors": [
                {
                    "name": "PHP-FIG",
                    "homepage": "http://www.php-fig.org/"
                }
            ],
            "description": "Common interface for HTTP clients",
            "homepage": "https://github.com/php-fig/http-client",
            "keywords": [
                "http",
                "http-client",
                "psr",
                "psr-18"
            ],
            "time": "2020-06-29T06:28:15+00:00"
        },
        {
            "name": "psr/http-factory",
            "version": "1.0.1",
            "source": {
                "type": "git",
                "url": "https://github.com/php-fig/http-factory.git",
                "reference": "12ac7fcd07e5b077433f5f2bee95b3a771bf61be"
            },
            "dist": {
                "type": "zip",
                "url": "https://api.github.com/repos/php-fig/http-factory/zipball/12ac7fcd07e5b077433f5f2bee95b3a771bf61be",
                "reference": "12ac7fcd07e5b077433f5f2bee95b3a771bf61be",
                "shasum": "",
                "mirrors": [
                    {
                        "url": "https://mirrors.aliyun.com/composer/dists/%package%/%reference%.%type%",
                        "preferred": true
                    }
                ]
            },
            "require": {
                "php": ">=7.0.0",
                "psr/http-message": "^1.0"
            },
            "type": "library",
            "extra": {
                "branch-alias": {
                    "dev-master": "1.0.x-dev"
                }
            },
            "autoload": {
                "psr-4": {
                    "Psr\\Http\\Message\\": "src/"
                }
            },
            "notification-url": "https://packagist.org/downloads/",
            "license": [
                "MIT"
            ],
            "authors": [
                {
                    "name": "PHP-FIG",
                    "homepage": "http://www.php-fig.org/"
                }
            ],
            "description": "Common interfaces for PSR-7 HTTP message factories",
            "keywords": [
                "factory",
                "http",
                "message",
                "psr",
                "psr-17",
                "psr-7",
                "request",
                "response"
            ],
            "time": "2019-04-30T12:38:16+00:00"
        },
        {
            "name": "psr/http-message",
            "version": "1.0.1",
            "source": {
                "type": "git",
                "url": "https://github.com/php-fig/http-message.git",
                "reference": "f6561bf28d520154e4b0ec72be95418abe6d9363"
            },
            "dist": {
                "type": "zip",
                "url": "https://api.github.com/repos/php-fig/http-message/zipball/f6561bf28d520154e4b0ec72be95418abe6d9363",
                "reference": "f6561bf28d520154e4b0ec72be95418abe6d9363",
                "shasum": "",
                "mirrors": [
                    {
                        "url": "https://mirrors.aliyun.com/composer/dists/%package%/%reference%.%type%",
                        "preferred": true
                    }
                ]
            },
            "require": {
                "php": ">=5.3.0"
            },
            "type": "library",
            "extra": {
                "branch-alias": {
                    "dev-master": "1.0.x-dev"
                }
            },
            "autoload": {
                "psr-4": {
                    "Psr\\Http\\Message\\": "src/"
                }
            },
            "notification-url": "https://packagist.org/downloads/",
            "license": [
                "MIT"
            ],
            "authors": [
                {
                    "name": "PHP-FIG",
                    "homepage": "http://www.php-fig.org/"
                }
            ],
            "description": "Common interface for HTTP messages",
            "homepage": "https://github.com/php-fig/http-message",
            "keywords": [
                "http",
                "http-message",
                "psr",
                "psr-7",
                "request",
                "response"
            ],
            "time": "2016-08-06T14:39:51+00:00"
        },
        {
            "name": "ralouphie/getallheaders",
            "version": "3.0.3",
            "source": {
                "type": "git",
                "url": "https://github.com/ralouphie/getallheaders.git",
                "reference": "120b605dfeb996808c31b6477290a714d356e822"
            },
            "dist": {
                "type": "zip",
                "url": "https://api.github.com/repos/ralouphie/getallheaders/zipball/120b605dfeb996808c31b6477290a714d356e822",
                "reference": "120b605dfeb996808c31b6477290a714d356e822",
                "shasum": "",
                "mirrors": [
                    {
                        "url": "https://mirrors.aliyun.com/composer/dists/%package%/%reference%.%type%",
                        "preferred": true
                    }
                ]
            },
            "require": {
                "php": ">=5.6"
            },
            "require-dev": {
                "php-coveralls/php-coveralls": "^2.1",
                "phpunit/phpunit": "^5 || ^6.5"
            },
            "type": "library",
            "autoload": {
                "files": [
                    "src/getallheaders.php"
                ]
            },
            "notification-url": "https://packagist.org/downloads/",
            "license": [
                "MIT"
            ],
            "authors": [
                {
                    "name": "Ralph Khattar",
                    "email": "ralph.khattar@gmail.com"
                }
            ],
            "description": "A polyfill for getallheaders.",
            "time": "2019-03-08T08:55:37+00:00"
        },
        {
            "name": "symfony/deprecation-contracts",
            "version": "v2.5.0",
            "source": {
                "type": "git",
                "url": "https://github.com/symfony/deprecation-contracts.git",
                "reference": "6f981ee24cf69ee7ce9736146d1c57c2780598a8"
            },
            "dist": {
                "type": "zip",
                "url": "https://api.github.com/repos/symfony/deprecation-contracts/zipball/6f981ee24cf69ee7ce9736146d1c57c2780598a8",
                "reference": "6f981ee24cf69ee7ce9736146d1c57c2780598a8",
                "shasum": "",
                "mirrors": [
                    {
                        "url": "https://mirrors.aliyun.com/composer/dists/%package%/%reference%.%type%",
                        "preferred": true
                    }
                ]
            },
            "require": {
                "php": ">=7.1"
            },
            "type": "library",
            "extra": {
                "branch-alias": {
                    "dev-main": "2.5-dev"
                },
                "thanks": {
                    "name": "symfony/contracts",
                    "url": "https://github.com/symfony/contracts"
                }
            },
            "autoload": {
                "files": [
                    "function.php"
                ]
            },
            "notification-url": "https://packagist.org/downloads/",
            "license": [
                "MIT"
            ],
            "authors": [
                {
                    "name": "Nicolas Grekas",
                    "email": "p@tchwork.com"
                },
                {
                    "name": "Symfony Community",
                    "homepage": "https://symfony.com/contributors"
                }
            ],
            "description": "A generic function and convention to trigger deprecation notices",
            "homepage": "https://symfony.com",
            "time": "2021-07-12T14:48:14+00:00"
        }
    ],
    "packages-dev": [],
    "aliases": [],
    "minimum-stability": "stable",
    "stability-flags": [],
    "prefer-stable": false,
    "prefer-lowest": false,
    "platform": [],
    "platform-dev": [],
    "plugin-api-version": "2.3.0"
}
